{
  "nodes": {
    "bash-strict-mode": {
      "inputs": {
        "flake-utils": [
          "flaky",
          "bash-strict-mode",
          "flaky",
          "flake-utils"
        ],
        "flaky": [
          "flaky"
        ],
        "nixpkgs": [
          "flaky",
          "bash-strict-mode",
          "flaky",
          "nixpkgs"
        ],
        "shellcheck-nix-attributes": "shellcheck-nix-attributes"
      },
      "locked": {
        "lastModified": 1722346313,
        "narHash": "sha256-qxIzt/0BCP9LlVE1Lze/2qlM5eZ8X5hQk4E6ghiBF5w=",
        "owner": "sellout",
        "repo": "bash-strict-mode",
        "rev": "098ffd0f072b3b7b3e84d9c524d18d6c62f64a47",
        "type": "github"
      },
      "original": {
        "owner": "sellout",
        "repo": "bash-strict-mode",
        "type": "github"
      }
    },
    "flake-schemas": {
      "locked": {
        "lastModified": 1701189173,
        "narHash": "sha256-ieQZLjqfvOP+52WeMdkD/x5njEIAqjKuAc/jnmruaoc=",
        "owner": "sellout",
        "repo": "flake-schemas",
        "rev": "68727227a8f349fe0831f6389d9a91064637b70c",
        "type": "github"
      },
      "original": {
        "owner": "sellout",
        "ref": "patch-1",
        "repo": "flake-schemas",
        "type": "github"
      }
    },
    "flake-utils": {
      "inputs": {
        "systems": [
          "flaky",
          "systems"
        ]
      },
      "locked": {
        "lastModified": 1726560853,
        "narHash": "sha256-X6rJYSESBVr3hBoH0WbKE5KvhPU5bloyZ2L4K60/fPQ=",
        "owner": "numtide",
        "repo": "flake-utils",
        "rev": "c1dfcf08411b08f6b8615f7d8971a2bfa81d5e8a",
        "type": "github"
      },
      "original": {
        "owner": "numtide",
        "repo": "flake-utils",
        "type": "github"
      }
    },
    "flaky": {
      "inputs": {
        "bash-strict-mode": "bash-strict-mode",
        "flake-utils": "flake-utils",
        "garnix-systems": "garnix-systems",
        "home-manager": "home-manager",
        "nixpkgs": "nixpkgs",
        "project-manager": "project-manager",
        "systems": "systems"
      },
      "locked": {
        "lastModified": 1729380297,
        "narHash": "sha256-Nd1bpelUAamay6LQK1vv4u5L6B+quivt1xcRR09wGl0=",
        "owner": "sellout",
        "repo": "flaky",
        "rev": "c596580368d7345f21393673079f056070c6a147",
        "type": "github"
      },
      "original": {
        "owner": "sellout",
        "repo": "flaky",
        "type": "github"
      }
    },
    "flaky-haskell": {
      "inputs": {
        "bash-strict-mode": [
          "flaky-haskell",
          "flaky",
          "bash-strict-mode"
        ],
        "flake-utils": [
          "flaky-haskell",
          "flaky",
          "flake-utils"
        ],
        "flaky": [
          "flaky"
        ],
        "nixpkgs": [
          "flaky-haskell",
          "flaky",
          "nixpkgs"
        ],
        "systems": [
          "flaky-haskell",
          "flaky",
          "systems"
        ]
      },
      "locked": {
        "lastModified": 1728572872,
        "narHash": "sha256-0Pohgfab85Ze8yWb4yxYbZDVQAjvKs3o32AjyBTkOA0=",
        "owner": "sellout",
        "repo": "flaky-haskell",
        "rev": "65840191941c500d29d67fc1c644e2b67614bdfd",
        "type": "github"
      },
      "original": {
        "owner": "sellout",
        "repo": "flaky-haskell",
        "type": "github"
      }
    },
    "garnix-systems": {
      "locked": {
        "lastModified": 1723225755,
        "narHash": "sha256-y17fVgb4LJheN4VDsHCmZRHrOJwKj8oUPvXk2FqUOnI=",
        "owner": "garnix-io",
        "repo": "nix-systems",
        "rev": "c2466c5c1d3591933b4389868902e2f47a47fadb",
        "type": "github"
      },
      "original": {
        "owner": "garnix-io",
        "repo": "nix-systems",
        "type": "github"
      }
    },
    "home-manager": {
      "inputs": {
        "nixpkgs": [
          "flaky",
          "nixpkgs"
        ]
      },
      "locked": {
        "lastModified": 1726989464,
        "narHash": "sha256-Vl+WVTJwutXkimwGprnEtXc/s/s8sMuXzqXaspIGlwM=",
        "owner": "nix-community",
        "repo": "home-manager",
        "rev": "2f23fa308a7c067e52dfcc30a0758f47043ec176",
        "type": "github"
      },
      "original": {
        "owner": "nix-community",
        "ref": "release-24.05",
        "repo": "home-manager",
        "type": "github"
      }
    },
    "nixpkgs": {
      "locked": {
        "lastModified": 1728072441,
        "narHash": "sha256-frEKgAV04sLvQl9ZbD4FyQK/TbSXdabiF5Xai8YrM8w=",
        "owner": "NixOS",
        "repo": "nixpkgs",
        "rev": "c8257f4524ee5863ee3421508e8b9ed500decf48",
        "type": "github"
      },
      "original": {
        "owner": "NixOS",
        "ref": "release-24.05",
        "repo": "nixpkgs",
        "type": "github"
      }
    },
    "nixpkgs-22_11": {
      "locked": {
        "lastModified": 1688392541,
        "narHash": "sha256-lHrKvEkCPTUO+7tPfjIcb7Trk6k31rz18vkyqmkeJfY=",
        "owner": "NixOS",
        "repo": "nixpkgs",
        "rev": "ea4c80b39be4c09702b0cb3b42eab59e2ba4f24b",
        "type": "github"
      },
      "original": {
        "owner": "NixOS",
        "ref": "release-22.11",
        "repo": "nixpkgs",
        "type": "github"
      }
    },
    "nixpkgs-23_05": {
      "locked": {
        "lastModified": 1705957679,
        "narHash": "sha256-Q8LJaVZGJ9wo33wBafvZSzapYsjOaNjP/pOnSiKVGHY=",
        "owner": "NixOS",
        "repo": "nixpkgs",
        "rev": "9a333eaa80901efe01df07eade2c16d183761fa3",
        "type": "github"
      },
      "original": {
        "owner": "NixOS",
        "ref": "release-23.05",
        "repo": "nixpkgs",
        "type": "github"
      }
    },
    "nixpkgs-23_11": {
      "locked": {
        "lastModified": 1720535198,
        "narHash": "sha256-zwVvxrdIzralnSbcpghA92tWu2DV2lwv89xZc8MTrbg=",
        "owner": "NixOS",
        "repo": "nixpkgs",
        "rev": "205fd4226592cc83fd4c0885a3e4c9c400efabb5",
        "type": "github"
      },
      "original": {
        "owner": "NixOS",
        "ref": "release-23.11",
        "repo": "nixpkgs",
        "type": "github"
      }
    },
    "nixpkgs-unstable": {
      "locked": {
        "lastModified": 1728031656,
        "narHash": "sha256-JXumn7X+suKEcehp4rchSvBzIboqyybQ5bLK4wk7gQU=",
        "owner": "NixOS",
        "repo": "nixpkgs",
        "rev": "eeeb90a1dd3c9bea3afdbc76fd34d0fb2a727c7a",
        "type": "github"
      },
      "original": {
        "owner": "NixOS",
        "ref": "nixpkgs-unstable",
        "repo": "nixpkgs",
        "type": "github"
      }
    },
    "project-manager": {
      "inputs": {
        "bash-strict-mode": [
          "flaky",
          "project-manager",
          "flaky",
          "bash-strict-mode"
        ],
        "flake-schemas": "flake-schemas",
        "flake-utils": [
          "flaky",
          "project-manager",
          "flaky",
          "flake-utils"
        ],
        "flaky": [
          "flaky"
        ],
        "nixpkgs": [
          "flaky",
          "project-manager",
          "flaky",
          "nixpkgs"
        ],
        "nixpkgs-22_11": "nixpkgs-22_11",
        "nixpkgs-23_05": "nixpkgs-23_05",
        "nixpkgs-23_11": "nixpkgs-23_11",
        "nixpkgs-unstable": "nixpkgs-unstable",
        "treefmt-nix": "treefmt-nix"
      },
      "locked": {
        "lastModified": 1728076820,
        "narHash": "sha256-21nIXCH2WC/kjMXdQmYA+1w3Z4yrPwgaRs60L2JKv44=",
        "owner": "sellout",
        "repo": "project-manager",
        "rev": "060b679d2d65c1adcd22319e18262da4154851a1",
        "type": "github"
      },
      "original": {
        "owner": "sellout",
        "repo": "project-manager",
        "type": "github"
      }
    },
    "root": {
      "inputs": {
        "flake-utils": [
          "flaky",
          "flake-utils"
        ],
        "flaky": "flaky",
        "flaky-haskell": "flaky-haskell",
        "nixpkgs": [
          "flaky",
          "nixpkgs"
        ],
        "systems": [
          "flaky",
          "systems"
        ]
      }
    },
    "shellcheck-nix-attributes": {
      "flake": false,
      "locked": {
        "lastModified": 1586929030,
        "narHash": "sha256-a0WyWaz+nMYFWI43Ip9EUnPuBW0O4EIiTzYZKGqNjss=",
        "owner": "Fuuzetsu",
        "repo": "shellcheck-nix-attributes",
        "rev": "51b49d5fe65ece69eb5e2003396bf096083ec281",
        "type": "github"
      },
      "original": {
        "owner": "Fuuzetsu",
        "repo": "shellcheck-nix-attributes",
        "type": "github"
      }
    },
    "systems": {
      "locked": {
        "lastModified": 1726558681,
        "narHash": "sha256-vta8mxLa5XxpHfb9HCiavFqBrX2xJDvZiKHZOy4kvlA=",
        "owner": "sellout",
        "repo": "nix-systems",
        "rev": "aa9520a9a0f92098d3576c3b4eafcb32c13d6800",
        "type": "github"
      },
      "original": {
        "owner": "sellout",
        "repo": "nix-systems",
        "type": "github"
      }
    },
    "treefmt-nix": {
      "inputs": {
        "nixpkgs": [
          "flaky",
          "project-manager",
          "nixpkgs"
        ]
      },
      "locked": {
        "lastModified": 1727984844,
        "narHash": "sha256-xpRqITAoD8rHlXQafYZOLvUXCF6cnZkPfoq67ThN0Hc=",
        "owner": "numtide",
        "repo": "treefmt-nix",
        "rev": "4446c7a6fc0775df028c5a3f6727945ba8400e64",
        "type": "github"
      },
      "original": {
        "owner": "numtide",
        "repo": "treefmt-nix",
        "type": "github"
      }
    }
  },
  "root": "root",
  "version": 7
}
